
Microsoft Visual Studio Solution File, Format Version 12.00
# Visual Studio Version 16
VisualStudioVersion = 25.0.1703.0
MinimumVisualStudioVersion = 10.0.40219.1
Project("{FAE04EC0-301F-11D3-BF4B-00C04F79EFBC}") = "SDK", "SDK.csproj", "{149F1DB6-8A0F-4FD9-B3BA-A8AD01DF2070}"
EndProject
Global
	GlobalSection(SolutionConfigurationPlatforms) = preSolution
		Debug|Any CPU = Debug|Any CPU
		Release|Any CPU = Release|Any CPU
	EndGlobalSection
	GlobalSection(ProjectConfigurationPlatforms) = postSolution
		{149F1DB6-8A0F-4FD9-B3BA-A8AD01DF2070}.Debug|Any CPU.ActiveCfg = Debug|Any CPU
		{149F1DB6-8A0F-4FD9-B3BA-A8AD01DF2070}.Debug|Any CPU.Build.0 = Debug|Any CPU
		{149F1DB6-8A0F-4FD9-B3BA-A8AD01DF2070}.Release|Any CPU.ActiveCfg = Release|Any CPU
		{149F1DB6-8A0F-4FD9-B3BA-A8AD01DF2070}.Release|Any CPU.Build.0 = Release|Any CPU
	EndGlobalSection
	GlobalSection(SolutionProperties) = preSolution
		HideSolutionNode = FALSE
	EndGlobalSection
	GlobalSection(ExtensibilityGlobals) = postSolution
		SolutionGuid = {FE45ACBA-D6DF-4930-AF12-5FA00C1CEDC8}
	EndGlobalSection
EndGlobal
