
Microsoft Visual Studio Solution File, Format Version 11.00
# Visual Studio 2010
Project("{FAE04EC0-301F-11D3-BF4B-00C04F79EFBC}") = "Assembly-CSharp", "Assembly-CSharp.csproj", "{c2d53274-e3fa-2dfa-c902-ae9f02d08cc7}"
EndProject
Project("{FAE04EC0-301F-11D3-BF4B-00C04F79EFBC}") = "Assembly-CSharp-Editor", "Assembly-CSharp-Editor.csproj", "{4f57d893-61af-273b-f7e6-9384f74d5211}"
EndProject
Global
	GlobalSection(SolutionConfigurationPlatforms) = preSolution
		Debug|Any CPU = Debug|Any CPU
	EndGlobalSection
	GlobalSection(ProjectConfigurationPlatforms) = postSolution
		{c2d53274-e3fa-2dfa-c902-ae9f02d08cc7}.Debug|Any CPU.ActiveCfg = Debug|Any CPU
		{c2d53274-e3fa-2dfa-c902-ae9f02d08cc7}.Debug|Any CPU.Build.0 = Debug|Any CPU
		{4f57d893-61af-273b-f7e6-9384f74d5211}.Debug|Any CPU.ActiveCfg = Debug|Any CPU
		{4f57d893-61af-273b-f7e6-9384f74d5211}.Debug|Any CPU.Build.0 = Debug|Any CPU
	EndGlobalSection
	GlobalSection(SolutionProperties) = preSolution
		HideSolutionNode = FALSE
	EndGlobalSection
EndGlobal
